
Microsoft Visual Studio Solution File, Format Version 12.00
# Visual Studio 14
VisualStudioVersion = 14.0.25420.1
MinimumVisualStudioVersion = 10.0.40219.1
Project("{FAE04EC0-301F-11D3-BF4B-00C04F79EFBC}") = "WeCastConvertor", "NewPPT\WeCastConvertor.csproj", "{1898602C-E29E-471F-9B9D-B1E9C47CCACC}"
EndProject
Project("{FAE04EC0-301F-11D3-BF4B-00C04F79EFBC}") = "YoutubeExtractor", "YoutubeExtractor\YoutubeExtractor.csproj", "{ECDC127F-8DEF-4F99-8300-72C13597339D}"
EndProject
Project("{FAE04EC0-301F-11D3-BF4B-00C04F79EFBC}") = "WeCastTests", "WeCastTests\WeCastTests.csproj", "{93B36F04-0D7F-4C60-9DD5-96D01E8BA463}"
EndProject
Project("{54435603-DBB4-11D2-8724-00A0C9A8B90C}") = "WeCastInstaller", "WeCastInstaller\WeCastInstaller.vdproj", "{1B8FC496-F2E2-471A-9EDA-50B57E4E93C1}"
EndProject
Global
	GlobalSection(SolutionConfigurationPlatforms) = preSolution
		Debug|Any CPU = Debug|Any CPU
		Debug|ARM = Debug|ARM
		Debug|x64 = Debug|x64
		Debug|x86 = Debug|x86
		Release|Any CPU = Release|Any CPU
		Release|ARM = Release|ARM
		Release|x64 = Release|x64
		Release|x86 = Release|x86
	EndGlobalSection
	GlobalSection(ProjectConfigurationPlatforms) = postSolution
		{1898602C-E29E-471F-9B9D-B1E9C47CCACC}.Debug|Any CPU.ActiveCfg = Debug|Any CPU
		{1898602C-E29E-471F-9B9D-B1E9C47CCACC}.Debug|Any CPU.Build.0 = Debug|Any CPU
		{1898602C-E29E-471F-9B9D-B1E9C47CCACC}.Debug|ARM.ActiveCfg = Debug|Any CPU
		{1898602C-E29E-471F-9B9D-B1E9C47CCACC}.Debug|ARM.Build.0 = Debug|Any CPU
		{1898602C-E29E-471F-9B9D-B1E9C47CCACC}.Debug|x64.ActiveCfg = Debug|Any CPU
		{1898602C-E29E-471F-9B9D-B1E9C47CCACC}.Debug|x64.Build.0 = Debug|Any CPU
		{1898602C-E29E-471F-9B9D-B1E9C47CCACC}.Debug|x86.ActiveCfg = Debug|Any CPU
		{1898602C-E29E-471F-9B9D-B1E9C47CCACC}.Debug|x86.Build.0 = Debug|Any CPU
		{1898602C-E29E-471F-9B9D-B1E9C47CCACC}.Release|Any CPU.ActiveCfg = Release|Any CPU
		{1898602C-E29E-471F-9B9D-B1E9C47CCACC}.Release|Any CPU.Build.0 = Release|Any CPU
		{1898602C-E29E-471F-9B9D-B1E9C47CCACC}.Release|ARM.ActiveCfg = Release|Any CPU
		{1898602C-E29E-471F-9B9D-B1E9C47CCACC}.Release|ARM.Build.0 = Release|Any CPU
		{1898602C-E29E-471F-9B9D-B1E9C47CCACC}.Release|x64.ActiveCfg = Release|Any CPU
		{1898602C-E29E-471F-9B9D-B1E9C47CCACC}.Release|x64.Build.0 = Release|Any CPU
		{1898602C-E29E-471F-9B9D-B1E9C47CCACC}.Release|x86.ActiveCfg = Release|Any CPU
		{1898602C-E29E-471F-9B9D-B1E9C47CCACC}.Release|x86.Build.0 = Release|Any CPU
		{ECDC127F-8DEF-4F99-8300-72C13597339D}.Debug|Any CPU.ActiveCfg = Debug|Any CPU
		{ECDC127F-8DEF-4F99-8300-72C13597339D}.Debug|Any CPU.Build.0 = Debug|Any CPU
		{ECDC127F-8DEF-4F99-8300-72C13597339D}.Debug|ARM.ActiveCfg = Debug|Any CPU
		{ECDC127F-8DEF-4F99-8300-72C13597339D}.Debug|ARM.Build.0 = Debug|Any CPU
		{ECDC127F-8DEF-4F99-8300-72C13597339D}.Debug|x64.ActiveCfg = Debug|Any CPU
		{ECDC127F-8DEF-4F99-8300-72C13597339D}.Debug|x64.Build.0 = Debug|Any CPU
		{ECDC127F-8DEF-4F99-8300-72C13597339D}.Debug|x86.ActiveCfg = Debug|Any CPU
		{ECDC127F-8DEF-4F99-8300-72C13597339D}.Debug|x86.Build.0 = Debug|Any CPU
		{ECDC127F-8DEF-4F99-8300-72C13597339D}.Release|Any CPU.ActiveCfg = Release|Any CPU
		{ECDC127F-8DEF-4F99-8300-72C13597339D}.Release|Any CPU.Build.0 = Release|Any CPU
		{ECDC127F-8DEF-4F99-8300-72C13597339D}.Release|ARM.ActiveCfg = Release|Any CPU
		{ECDC127F-8DEF-4F99-8300-72C13597339D}.Release|ARM.Build.0 = Release|Any CPU
		{ECDC127F-8DEF-4F99-8300-72C13597339D}.Release|x64.ActiveCfg = Release|Any CPU
		{ECDC127F-8DEF-4F99-8300-72C13597339D}.Release|x64.Build.0 = Release|Any CPU
		{ECDC127F-8DEF-4F99-8300-72C13597339D}.Release|x86.ActiveCfg = Release|Any CPU
		{ECDC127F-8DEF-4F99-8300-72C13597339D}.Release|x86.Build.0 = Release|Any CPU
		{93B36F04-0D7F-4C60-9DD5-96D01E8BA463}.Debug|Any CPU.ActiveCfg = Debug|Any CPU
		{93B36F04-0D7F-4C60-9DD5-96D01E8BA463}.Debug|Any CPU.Build.0 = Debug|Any CPU
		{93B36F04-0D7F-4C60-9DD5-96D01E8BA463}.Debug|ARM.ActiveCfg = Debug|Any CPU
		{93B36F04-0D7F-4C60-9DD5-96D01E8BA463}.Debug|ARM.Build.0 = Debug|Any CPU
		{93B36F04-0D7F-4C60-9DD5-96D01E8BA463}.Debug|x64.ActiveCfg = Debug|Any CPU
		{93B36F04-0D7F-4C60-9DD5-96D01E8BA463}.Debug|x64.Build.0 = Debug|Any CPU
		{93B36F04-0D7F-4C60-9DD5-96D01E8BA463}.Debug|x86.ActiveCfg = Debug|Any CPU
		{93B36F04-0D7F-4C60-9DD5-96D01E8BA463}.Debug|x86.Build.0 = Debug|Any CPU
		{93B36F04-0D7F-4C60-9DD5-96D01E8BA463}.Release|Any CPU.ActiveCfg = Release|Any CPU
		{93B36F04-0D7F-4C60-9DD5-96D01E8BA463}.Release|Any CPU.Build.0 = Release|Any CPU
		{93B36F04-0D7F-4C60-9DD5-96D01E8BA463}.Release|ARM.ActiveCfg = Release|Any CPU
		{93B36F04-0D7F-4C60-9DD5-96D01E8BA463}.Release|ARM.Build.0 = Release|Any CPU
		{93B36F04-0D7F-4C60-9DD5-96D01E8BA463}.Release|x64.ActiveCfg = Release|Any CPU
		{93B36F04-0D7F-4C60-9DD5-96D01E8BA463}.Release|x64.Build.0 = Release|Any CPU
		{93B36F04-0D7F-4C60-9DD5-96D01E8BA463}.Release|x86.ActiveCfg = Release|Any CPU
		{93B36F04-0D7F-4C60-9DD5-96D01E8BA463}.Release|x86.Build.0 = Release|Any CPU
		{1B8FC496-F2E2-471A-9EDA-50B57E4E93C1}.Debug|Any CPU.ActiveCfg = Debug
		{1B8FC496-F2E2-471A-9EDA-50B57E4E93C1}.Debug|ARM.ActiveCfg = Debug
		{1B8FC496-F2E2-471A-9EDA-50B57E4E93C1}.Debug|x64.ActiveCfg = Debug
		{1B8FC496-F2E2-471A-9EDA-50B57E4E93C1}.Debug|x86.ActiveCfg = Debug
		{1B8FC496-F2E2-471A-9EDA-50B57E4E93C1}.Release|Any CPU.ActiveCfg = Release
		{1B8FC496-F2E2-471A-9EDA-50B57E4E93C1}.Release|ARM.ActiveCfg = Release
		{1B8FC496-F2E2-471A-9EDA-50B57E4E93C1}.Release|x64.ActiveCfg = Release
		{1B8FC496-F2E2-471A-9EDA-50B57E4E93C1}.Release|x86.ActiveCfg = Release
	EndGlobalSection
	GlobalSection(SolutionProperties) = preSolution
		HideSolutionNode = FALSE
	EndGlobalSection
EndGlobal
